
Microsoft Visual Studio Solution File, Format Version 12.00
# Visual Studio Version 17
VisualStudioVersion = 17.11.35312.102
MinimumVisualStudioVersion = 10.0.40219.1
Project("{FAE04EC0-301F-11D3-BF4B-00C04F79EFBC}") = "233536_LAB_MID_PAPER_VISUAL_PROGRAMMING", "233536_LAB_MID_PAPER_VISUAL_PROGRAMMING\233536_LAB_MID_PAPER_VISUAL_PROGRAMMING.csproj", "{AD2353F8-8FAA-41F6-ACE9-3CF5FB40DAF0}"
EndProject
Global
	GlobalSection(SolutionConfigurationPlatforms) = preSolution
		Debug|Any CPU = Debug|Any CPU
		Release|Any CPU = Release|Any CPU
	EndGlobalSection
	GlobalSection(ProjectConfigurationPlatforms) = postSolution
		{AD2353F8-8FAA-41F6-ACE9-3CF5FB40DAF0}.Debug|Any CPU.ActiveCfg = Debug|Any CPU
		{AD2353F8-8FAA-41F6-ACE9-3CF5FB40DAF0}.Debug|Any CPU.Build.0 = Debug|Any CPU
		{AD2353F8-8FAA-41F6-ACE9-3CF5FB40DAF0}.Release|Any CPU.ActiveCfg = Release|Any CPU
		{AD2353F8-8FAA-41F6-ACE9-3CF5FB40DAF0}.Release|Any CPU.Build.0 = Release|Any CPU
	EndGlobalSection
	GlobalSection(SolutionProperties) = preSolution
		HideSolutionNode = FALSE
	EndGlobalSection
	GlobalSection(ExtensibilityGlobals) = postSolution
		SolutionGuid = {8AD06212-C274-4BD2-9BED-9FDD6D0282D3}
	EndGlobalSection
EndGlobal
