
Microsoft Visual Studio Solution File, Format Version 12.00
# Visual Studio Version 17
VisualStudioVersion = 17.11.35312.102
MinimumVisualStudioVersion = 10.0.40219.1
Project("{FAE04EC0-301F-11D3-BF4B-00C04F79EFBC}") = "233536_LAB5_VP", "233536_LAB5_VP\233536_LAB5_VP.csproj", "{DCF57AA3-2C25-427E-9074-613215745D2C}"
EndProject
Global
	GlobalSection(SolutionConfigurationPlatforms) = preSolution
		Debug|Any CPU = Debug|Any CPU
		Release|Any CPU = Release|Any CPU
	EndGlobalSection
	GlobalSection(ProjectConfigurationPlatforms) = postSolution
		{DCF57AA3-2C25-427E-9074-613215745D2C}.Debug|Any CPU.ActiveCfg = Debug|Any CPU
		{DCF57AA3-2C25-427E-9074-613215745D2C}.Debug|Any CPU.Build.0 = Debug|Any CPU
		{DCF57AA3-2C25-427E-9074-613215745D2C}.Release|Any CPU.ActiveCfg = Release|Any CPU
		{DCF57AA3-2C25-427E-9074-613215745D2C}.Release|Any CPU.Build.0 = Release|Any CPU
	EndGlobalSection
	GlobalSection(SolutionProperties) = preSolution
		HideSolutionNode = FALSE
	EndGlobalSection
	GlobalSection(ExtensibilityGlobals) = postSolution
		SolutionGuid = {7A457ED3-2EE7-4719-8D37-8230D8DB8C19}
	EndGlobalSection
EndGlobal
